
Microsoft Visual Studio Solution File, Format Version 12.00
# Visual Studio Version 16
VisualStudioVersion = 16.0.30523.141
MinimumVisualStudioVersion = 10.0.40219.1
Project("{9A19103F-16F7-4668-BE54-9A1E7A4F7556}") = "Exercício-IPMA", "ConsoleApp1\Exercício-IPMA.csproj", "{DF0542CA-2739-482E-920B-7D4A6DDE30DF}"
EndProject
Global
	GlobalSection(SolutionConfigurationPlatforms) = preSolution
		Debug|Any CPU = Debug|Any CPU
		Release|Any CPU = Release|Any CPU
	EndGlobalSection
	GlobalSection(ProjectConfigurationPlatforms) = postSolution
		{DF0542CA-2739-482E-920B-7D4A6DDE30DF}.Debug|Any CPU.ActiveCfg = Debug|Any CPU
		{DF0542CA-2739-482E-920B-7D4A6DDE30DF}.Debug|Any CPU.Build.0 = Debug|Any CPU
		{DF0542CA-2739-482E-920B-7D4A6DDE30DF}.Release|Any CPU.ActiveCfg = Release|Any CPU
		{DF0542CA-2739-482E-920B-7D4A6DDE30DF}.Release|Any CPU.Build.0 = Release|Any CPU
	EndGlobalSection
	GlobalSection(SolutionProperties) = preSolution
		HideSolutionNode = FALSE
	EndGlobalSection
	GlobalSection(ExtensibilityGlobals) = postSolution
		SolutionGuid = {0255FB8C-2FDC-4B74-BF0F-1B1DE9C2D33F}
	EndGlobalSection
EndGlobal
